// !$*UTF8*$!
{
	archiveVersion = 1;
	classes = {
	};
	objectVersion = 46;
	objects = {

/* Begin PBXBuildFile section */
		270C6001B5AD5D2A508ED630 /* tesla-model-x.jpg in Resources */ = {isa = PBXBuildFile; fileRef = 270C69CFFC0861E970B6840F /* tesla-model-x.jpg */; };
		270C6016FA782903416B58F6 /* lamborghini-huracan.jpg in Resources */ = {isa = PBXBuildFile; fileRef = 270C6CABD8032497BCF71D43 /* lamborghini-huracan.jpg */; };
		270C6383F27045DB26EE68C2 /* lamborghini-aventador.jpg in Resources */ = {isa = PBXBuildFile; fileRef = 270C67935646E36A549CC814 /* lamborghini-aventador.jpg */; };
		270C64CE35A19B260BFBD9B2 /* Main.storyboard in Resources */ = {isa = PBXBuildFile; fileRef = 270C671DBBDBF21089CB6557 /* Main.storyboard */; };
		270C681074321C2AEE6DEE99 /* tesla-model-s.jpg in Resources */ = {isa = PBXBuildFile; fileRef = 270C66EB5BD851F34B4CD50D /* tesla-model-s.jpg */; };
		270C69A8FC981F82434A5D3D /* background.jpeg in Resources */ = {isa = PBXBuildFile; fileRef = 270C657ED9943A94B93D439E /* background.jpeg */; };
		270C69E768EA4EFB346F5186 /* porsche-911.jpg in Resources */ = {isa = PBXBuildFile; fileRef = 270C6337CC29E2D39BC82A9D /* porsche-911.jpg */; };
		270C69FBC92D11FF8B1484F5 /* AppDelegate.swift in Sources */ = {isa = PBXBuildFile; fileRef = 270C699275A93DF393A3DF53 /* AppDelegate.swift */; };
		270C6A32FBAAA24CB5BECED8 /* LaunchScreen.storyboard in Resources */ = {isa = PBXBuildFile; fileRef = 270C6BE8BCC958F92B73A76C /* LaunchScreen.storyboard */; };
		270C6C1028ABD45CE8515402 /* Assets.xcassets in Resources */ = {isa = PBXBuildFile; fileRef = 270C6662FFF40C84B7C9617B /* Assets.xcassets */; };
		270C6C8E107681B7114328AD /* lamborghini-veneno.jpg in Resources */ = {isa = PBXBuildFile; fileRef = 270C6AA39A4B0807CA1438A9 /* lamborghini-veneno.jpg */; };
		270C6D80EA26896B445CC1FE /* porsche-boxter.jpg in Resources */ = {isa = PBXBuildFile; fileRef = 270C6FFA373361CEE1F8136F /* porsche-boxter.jpg */; };
		270C6F464D1913B0F8B4F209 /* ViewController.swift in Sources */ = {isa = PBXBuildFile; fileRef = 270C6571B9547F91FC98C7EC /* ViewController.swift */; };
/* End PBXBuildFile section */

/* Begin PBXFileReference section */
		270C631F9238E31315925159 /* Base */ = {isa = PBXFileReference; lastKnownFileType = file.storyboard; name = Base; path = Base.lproj/LaunchScreen.storyboard; sourceTree = "<group>"; };
		270C6337CC29E2D39BC82A9D /* porsche-911.jpg */ = {isa = PBXFileReference; lastKnownFileType = image.jpeg; path = "porsche-911.jpg"; sourceTree = "<group>"; };
		270C63FB1DBCAF59018CF021 /* Base */ = {isa = PBXFileReference; lastKnownFileType = file.storyboard; name = Base; path = Base.lproj/Main.storyboard; sourceTree = "<group>"; };
		270C6571B9547F91FC98C7EC /* ViewController.swift */ = {isa = PBXFileReference; lastKnownFileType = sourcecode.swift; path = ViewController.swift; sourceTree = "<group>"; };
		270C657ED9943A94B93D439E /* background.jpeg */ = {isa = PBXFileReference; lastKnownFileType = image.jpeg; path = background.jpeg; sourceTree = "<group>"; };
		270C6662FFF40C84B7C9617B /* Assets.xcassets */ = {isa = PBXFileReference; lastKnownFileType = folder.assetcatalog; path = Assets.xcassets; sourceTree = "<group>"; };
		270C66EB5BD851F34B4CD50D /* tesla-model-s.jpg */ = {isa = PBXFileReference; lastKnownFileType = image.jpeg; path = "tesla-model-s.jpg"; sourceTree = "<group>"; };
		270C67935646E36A549CC814 /* lamborghini-aventador.jpg */ = {isa = PBXFileReference; lastKnownFileType = image.jpeg; path = "lamborghini-aventador.jpg"; sourceTree = "<group>"; };
		270C699275A93DF393A3DF53 /* AppDelegate.swift */ = {isa = PBXFileReference; lastKnownFileType = sourcecode.swift; path = AppDelegate.swift; sourceTree = "<group>"; };
		270C69CFFC0861E970B6840F /* tesla-model-x.jpg */ = {isa = PBXFileReference; lastKnownFileType = image.jpeg; path = "tesla-model-x.jpg"; sourceTree = "<group>"; };
		270C6AA39A4B0807CA1438A9 /* lamborghini-veneno.jpg */ = {isa = PBXFileReference; lastKnownFileType = image.jpeg; path = "lamborghini-veneno.jpg"; sourceTree = "<group>"; };
		270C6BAD0DA2DD3E086982F0 /* Info.plist */ = {isa = PBXFileReference; lastKnownFileType = text.plist.info; path = Info.plist; sourceTree = "<group>"; };
		270C6CABD8032497BCF71D43 /* lamborghini-huracan.jpg */ = {isa = PBXFileReference; lastKnownFileType = image.jpeg; path = "lamborghini-huracan.jpg"; sourceTree = "<group>"; };
		270C6E0BADD7F14EE7708F62 /* SelectCar.app */ = {isa = PBXFileReference; explicitFileType = wrapper.application; includeInIndex = 0; path = SelectCar.app; sourceTree = BUILT_PRODUCTS_DIR; };
		270C6FFA373361CEE1F8136F /* porsche-boxter.jpg */ = {isa = PBXFileReference; lastKnownFileType = image.jpeg; path = "porsche-boxter.jpg"; sourceTree = "<group>"; };
/* End PBXFileReference section */

/* Begin PBXFrameworksBuildPhase section */
		270C6ABAC6C6DBA07F25B6C0 /* Frameworks */ = {
			isa = PBXFrameworksBuildPhase;
			buildActionMask = 2147483647;
			files = (
			);
			runOnlyForDeploymentPostprocessing = 0;
		};
/* End PBXFrameworksBuildPhase section */

/* Begin PBXGroup section */
		270C621FBFC18066ACF2E04A /* Products */ = {
			isa = PBXGroup;
			children = (
				270C6E0BADD7F14EE7708F62 /* SelectCar.app */,
			);
			name = Products;
			sourceTree = "<group>";
		};
		270C6320A036F87C02ACCD4E = {
			isa = PBXGroup;
			children = (
				270C621FBFC18066ACF2E04A /* Products */,
				270C656C65F87EDE3F2EB933 /* SelectCar */,
			);
			sourceTree = "<group>";
		};
		270C656C65F87EDE3F2EB933 /* SelectCar */ = {
			isa = PBXGroup;
			children = (
				270C6BAD0DA2DD3E086982F0 /* Info.plist */,
				270C6662FFF40C84B7C9617B /* Assets.xcassets */,
				270C6BE8BCC958F92B73A76C /* LaunchScreen.storyboard */,
				270C699275A93DF393A3DF53 /* AppDelegate.swift */,
				270C671DBBDBF21089CB6557 /* Main.storyboard */,
				270C6571B9547F91FC98C7EC /* ViewController.swift */,
				270C6C0B5E030F8768BAAB05 /* Resource */,
			);
			path = SelectCar;
			sourceTree = "<group>";
		};
		270C6C0B5E030F8768BAAB05 /* Resource */ = {
			isa = PBXGroup;
			children = (
				270C6FFA373361CEE1F8136F /* porsche-boxter.jpg */,
				270C6337CC29E2D39BC82A9D /* porsche-911.jpg */,
				270C6CABD8032497BCF71D43 /* lamborghini-huracan.jpg */,
				270C6AA39A4B0807CA1438A9 /* lamborghini-veneno.jpg */,
				270C67935646E36A549CC814 /* lamborghini-aventador.jpg */,
				270C69CFFC0861E970B6840F /* tesla-model-x.jpg */,
				270C66EB5BD851F34B4CD50D /* tesla-model-s.jpg */,
				270C657ED9943A94B93D439E /* background.jpeg */,
			);
			path = Resource;
			sourceTree = "<group>";
		};
/* End PBXGroup section */

/* Begin PBXNativeTarget section */
		270C676989218C4B709DB0E6 /* SelectCar */ = {
			isa = PBXNativeTarget;
			buildConfigurationList = 270C665ED1431C5602243C8B /* Build configuration list for PBXNativeTarget "SelectCar" */;
			buildPhases = (
				270C6492B9E29EFAC83C0B6A /* Sources */,
				270C6ABAC6C6DBA07F25B6C0 /* Frameworks */,
				270C6574431F24D124D2CDFA /* Resources */,
			);
			buildRules = (
			);
			dependencies = (
			);
			name = SelectCar;
			productName = SelectCar;
			productReference = 270C6E0BADD7F14EE7708F62 /* SelectCar.app */;
			productType = "com.apple.product-type.application";
		};
/* End PBXNativeTarget section */

/* Begin PBXProject section */
		270C6F4B825B6342C782CC4E /* Project object */ = {
			isa = PBXProject;
			attributes = {
				ORGANIZATIONNAME = Quest4I;
			};
			buildConfigurationList = 270C697E0AFEEA5764270DC5 /* Build configuration list for PBXProject "SelectCar" */;
			compatibilityVersion = "Xcode 3.2";
			developmentRegion = English;
			hasScannedForEncodings = 0;
			knownRegions = (
				en,
			);
			mainGroup = 270C6320A036F87C02ACCD4E;
			productRefGroup = 270C621FBFC18066ACF2E04A /* Products */;
			projectDirPath = "";
			projectRoot = "";
			targets = (
				270C676989218C4B709DB0E6 /* SelectCar */,
			);
		};
/* End PBXProject section */

/* Begin PBXResourcesBuildPhase section */
		270C6574431F24D124D2CDFA /* Resources */ = {
			isa = PBXResourcesBuildPhase;
			buildActionMask = 2147483647;
			files = (
				270C6C1028ABD45CE8515402 /* Assets.xcassets in Resources */,
				270C6A32FBAAA24CB5BECED8 /* LaunchScreen.storyboard in Resources */,
				270C64CE35A19B260BFBD9B2 /* Main.storyboard in Resources */,
				270C6D80EA26896B445CC1FE /* porsche-boxter.jpg in Resources */,
				270C69E768EA4EFB346F5186 /* porsche-911.jpg in Resources */,
				270C6016FA782903416B58F6 /* lamborghini-huracan.jpg in Resources */,
				270C6C8E107681B7114328AD /* lamborghini-veneno.jpg in Resources */,
				270C6383F27045DB26EE68C2 /* lamborghini-aventador.jpg in Resources */,
				270C6001B5AD5D2A508ED630 /* tesla-model-x.jpg in Resources */,
				270C681074321C2AEE6DEE99 /* tesla-model-s.jpg in Resources */,
				270C69A8FC981F82434A5D3D /* background.jpeg in Resources */,
			);
			runOnlyForDeploymentPostprocessing = 0;
		};
/* End PBXResourcesBuildPhase section */

/* Begin PBXSourcesBuildPhase section */
		270C6492B9E29EFAC83C0B6A /* Sources */ = {
			isa = PBXSourcesBuildPhase;
			buildActionMask = 2147483647;
			files = (
				270C69FBC92D11FF8B1484F5 /* AppDelegate.swift in Sources */,
				270C6F464D1913B0F8B4F209 /* ViewController.swift in Sources */,
			);
			runOnlyForDeploymentPostprocessing = 0;
		};
/* End PBXSourcesBuildPhase section */

/* Begin PBXVariantGroup section */
		270C671DBBDBF21089CB6557 /* Main.storyboard */ = {
			isa = PBXVariantGroup;
			children = (
				270C63FB1DBCAF59018CF021 /* Base */,
			);
			name = Main.storyboard;
			sourceTree = "<group>";
		};
		270C6BE8BCC958F92B73A76C /* LaunchScreen.storyboard */ = {
			isa = PBXVariantGroup;
			children = (
				270C631F9238E31315925159 /* Base */,
			);
			name = LaunchScreen.storyboard;
			sourceTree = "<group>";
		};
/* End PBXVariantGroup section */

/* Begin XCBuildConfiguration section */
		270C675A63FABEFA07FE24CA /* Release */ = {
			isa = XCBuildConfiguration;
			buildSettings = {
				ASSETCATALOG_COMPILER_APPICON_NAME = AppIcon;
				INFOPLIST_FILE = SelectCar/Info.plist;
				LD_RUNPATH_SEARCH_PATHS = "$(inherited) @executable_path/Frameworks";
				PRODUCT_BUNDLE_IDENTIFIER = quest4i.io.SelectCar;
				PRODUCT_NAME = "$(TARGET_NAME)";
				SWIFT_VERSION = 4.0;
				TARGETED_DEVICE_FAMILY = "1,2";
			};
			name = Release;
		};
		270C679A409EFB51D883A20B /* Debug */ = {
			isa = XCBuildConfiguration;
			buildSettings = {
				ALWAYS_SEARCH_USER_PATHS = NO;
				CLANG_ANALYZER_NONNULL = YES;
				CLANG_ANALYZER_NUMBER_OBJECT_CONVERSION = YES_AGGRESSIVE;
				CLANG_CXX_LANGUAGE_STANDARD = "gnu++14";
				CLANG_CXX_LIBRARY = "libc++";
				CLANG_ENABLE_MODULES = YES;
				CLANG_ENABLE_OBJC_ARC = YES;
				CLANG_ENABLE_OBJC_WEAK = YES;
				CLANG_WARN_BLOCK_CAPTURE_AUTORELEASING = YES;
				CLANG_WARN_BOOL_CONVERSION = YES;
				CLANG_WARN_COMMA = YES;
				CLANG_WARN_CONSTANT_CONVERSION = YES;
				CLANG_WARN_DEPRECATED_OBJC_IMPLEMENTATIONS = YES;
				CLANG_WARN_DIRECT_OBJC_ISA_USAGE = YES_ERROR;
				CLANG_WARN_DOCUMENTATION_COMMENTS = YES;
				CLANG_WARN_EMPTY_BODY = YES;
				CLANG_WARN_ENUM_CONVERSION = YES;
				CLANG_WARN_INFINITE_RECURSION = YES;
				CLANG_WARN_INT_CONVERSION = YES;
				CLANG_WARN_NON_LITERAL_NULL_CONVERSION = YES;
				CLANG_WARN_OBJC_IMPLICIT_RETAIN_SELF = YES;
				CLANG_WARN_OBJC_LITERAL_CONVERSION = YES;
				CLANG_WARN_OBJC_ROOT_CLASS = YES_ERROR;
				CLANG_WARN_RANGE_LOOP_ANALYSIS = YES;
				CLANG_WARN_STRICT_PROTOTYPES = YES;
				CLANG_WARN_SUSPICIOUS_MOVE = YES;
				CLANG_WARN_UNGUARDED_AVAILABILITY = YES_AGGRESSIVE;
				CLANG_WARN_UNREACHABLE_CODE = YES;
				CLANG_WARN__DUPLICATE_METHOD_MATCH = YES;
				CODE_SIGN_IDENTITY = "iPhone Developer";
				COPY_PHASE_STRIP = NO;
				DEBUG_INFORMATION_FORMAT = dwarf;
				ENABLE_STRICT_OBJC_MSGSEND = YES;
				ENABLE_TESTABILITY = YES;
				GCC_C_LANGUAGE_STANDARD = gnu11;
				GCC_DYNAMIC_NO_PIC = NO;
				GCC_NO_COMMON_BLOCKS = YES;
				GCC_OPTIMIZATION_LEVEL = 0;
				GCC_PREPROCESSOR_DEFINITIONS = (
					"DEBUG=1",
					"$(inherited)",
				);
				GCC_WARN_64_TO_32_BIT_CONVERSION = YES;
				GCC_WARN_ABOUT_RETURN_TYPE = YES_ERROR;
				GCC_WARN_UNDECLARED_SELECTOR = YES;
				GCC_WARN_UNINITIALIZED_AUTOS = YES_AGGRESSIVE;
				GCC_WARN_UNUSED_FUNCTION = YES;
				GCC_WARN_UNUSED_VARIABLE = YES;
				IPHONEOS_DEPLOYMENT_TARGET = 11.3;
				MTL_ENABLE_DEBUG_INFO = YES;
				ONLY_ACTIVE_ARCH = YES;
				SDKROOT = iphoneos;
				SWIFT_ACTIVE_COMPILATION_CONDITIONS = DEBUG;
				SWIFT_OPTIMIZATION_LEVEL = "-Onone";
			};
			name = Debug;
		};
		270C6ACF52DB80EFB1D1A830 /* Release */ = {
			isa = XCBuildConfiguration;
			buildSettings = {
				ALWAYS_SEARCH_USER_PATHS = NO;
				CLANG_ANALYZER_NONNULL = YES;
				CLANG_ANALYZER_NUMBER_OBJECT_CONVERSION = YES_AGGRESSIVE;
				CLANG_CXX_LANGUAGE_STANDARD = "gnu++14";
				CLANG_CXX_LIBRARY = "libc++";
				CLANG_ENABLE_MODULES = YES;
				CLANG_ENABLE_OBJC_ARC = YES;
				CLANG_ENABLE_OBJC_WEAK = YES;
				CLANG_WARN_BLOCK_CAPTURE_AUTORELEASING = YES;
				CLANG_WARN_BOOL_CONVERSION = YES;
				CLANG_WARN_COMMA = YES;
				CLANG_WARN_CONSTANT_CONVERSION = YES;
				CLANG_WARN_DEPRECATED_OBJC_IMPLEMENTATIONS = YES;
				CLANG_WARN_DIRECT_OBJC_ISA_USAGE = YES_ERROR;
				CLANG_WARN_DOCUMENTATION_COMMENTS = YES;
				CLANG_WARN_EMPTY_BODY = YES;
				CLANG_WARN_ENUM_CONVERSION = YES;
				CLANG_WARN_INFINITE_RECURSION = YES;
				CLANG_WARN_INT_CONVERSION = YES;
				CLANG_WARN_NON_LITERAL_NULL_CONVERSION = YES;
				CLANG_WARN_OBJC_IMPLICIT_RETAIN_SELF = YES;
				CLANG_WARN_OBJC_LITERAL_CONVERSION = YES;
				CLANG_WARN_OBJC_ROOT_CLASS = YES_ERROR;
				CLANG_WARN_RANGE_LOOP_ANALYSIS = YES;
				CLANG_WARN_STRICT_PROTOTYPES = YES;
				CLANG_WARN_SUSPICIOUS_MOVE = YES;
				CLANG_WARN_UNGUARDED_AVAILABILITY = YES_AGGRESSIVE;
				CLANG_WARN_UNREACHABLE_CODE = YES;
				CLANG_WARN__DUPLICATE_METHOD_MATCH = YES;
				CODE_SIGN_IDENTITY = "iPhone Developer";
				COPY_PHASE_STRIP = NO;
				DEBUG_INFORMATION_FORMAT = "dwarf-with-dsym";
				ENABLE_NS_ASSERTIONS = NO;
				ENABLE_STRICT_OBJC_MSGSEND = YES;
				GCC_C_LANGUAGE_STANDARD = gnu11;
				GCC_NO_COMMON_BLOCKS = YES;
				GCC_WARN_64_TO_32_BIT_CONVERSION = YES;
				GCC_WARN_ABOUT_RETURN_TYPE = YES_ERROR;
				GCC_WARN_UNDECLARED_SELECTOR = YES;
				GCC_WARN_UNINITIALIZED_AUTOS = YES_AGGRESSIVE;
				GCC_WARN_UNUSED_FUNCTION = YES;
				GCC_WARN_UNUSED_VARIABLE = YES;
				IPHONEOS_DEPLOYMENT_TARGET = 11.3;
				MTL_ENABLE_DEBUG_INFO = NO;
				SDKROOT = iphoneos;
				SWIFT_COMPILATION_MODE = wholemodule;
				SWIFT_OPTIMIZATION_LEVEL = "-O";
				VALIDATE_PRODUCT = YES;
			};
			name = Release;
		};
		270C6E64469DD839815B2BAD /* Debug */ = {
			isa = XCBuildConfiguration;
			buildSettings = {
				ASSETCATALOG_COMPILER_APPICON_NAME = AppIcon;
				INFOPLIST_FILE = SelectCar/Info.plist;
				LD_RUNPATH_SEARCH_PATHS = "$(inherited) @executable_path/Frameworks";
				PRODUCT_BUNDLE_IDENTIFIER = quest4i.io.SelectCar;
				PRODUCT_NAME = "$(TARGET_NAME)";
				SWIFT_VERSION = 4.0;
				TARGETED_DEVICE_FAMILY = "1,2";
			};
			name = Debug;
		};
/* End XCBuildConfiguration section */

/* Begin XCConfigurationList section */
		270C665ED1431C5602243C8B /* Build configuration list for PBXNativeTarget "SelectCar" */ = {
			isa = XCConfigurationList;
			buildConfigurations = (
				270C6E64469DD839815B2BAD /* Debug */,
				270C675A63FABEFA07FE24CA /* Release */,
			);
			defaultConfigurationIsVisible = 0;
		};
		270C697E0AFEEA5764270DC5 /* Build configuration list for PBXProject "SelectCar" */ = {
			isa = XCConfigurationList;
			buildConfigurations = (
				270C679A409EFB51D883A20B /* Debug */,
				270C6ACF52DB80EFB1D1A830 /* Release */,
			);
			defaultConfigurationIsVisible = 0;
			defaultConfigurationName = Release;
		};
/* End XCConfigurationList section */
	};
	rootObject = 270C6F4B825B6342C782CC4E /* Project object */;
}
